
Microsoft Visual Studio Solution File, Format Version 11.00
# Visual Studio 2010
Project("{8BC9CEB8-8B4A-11D0-8D11-00A0C91BC942}") = "project", "project.vcxproj", "{16E1F59A-0B05-49C6-9079-3C069AF74011}"
EndProject
Global
	GlobalSection(SolutionConfigurationPlatforms) = preSolution
		Debug|Win32 = Debug|Win32
		Debug|x64 = Debug|x64
		Release|Win32 = Release|Win32
		Release|x64 = Release|x64
	EndGlobalSection
	GlobalSection(ProjectConfigurationPlatforms) = postSolution
		{16E1F59A-0B05-49C6-9079-3C069AF74011}.Debug|Win32.ActiveCfg = Debug|Win32
		{16E1F59A-0B05-49C6-9079-3C069AF74011}.Debug|Win32.Build.0 = Debug|Win32
		{16E1F59A-0B05-49C6-9079-3C069AF74011}.Debug|x64.ActiveCfg = Debug|x64
		{16E1F59A-0B05-49C6-9079-3C069AF74011}.Debug|x64.Build.0 = Debug|x64
		{16E1F59A-0B05-49C6-9079-3C069AF74011}.Release|Win32.ActiveCfg = Release|Win32
		{16E1F59A-0B05-49C6-9079-3C069AF74011}.Release|Win32.Build.0 = Release|Win32
		{16E1F59A-0B05-49C6-9079-3C069AF74011}.Release|x64.ActiveCfg = Release|x64
		{16E1F59A-0B05-49C6-9079-3C069AF74011}.Release|x64.Build.0 = Release|x64
	EndGlobalSection
	GlobalSection(SolutionProperties) = preSolution
		HideSolutionNode = FALSE
	EndGlobalSection
	GlobalSection(SpecExplorer.ActivityCompletionStatus) = preSolution
		SpecExplorer.ActivityCompletionStatus = TestExisting: ;ModelFromScratch: 
	EndGlobalSection
EndGlobal
